
Microsoft Visual Studio Solution File, Format Version 12.00
# Visual Studio Version 16
VisualStudioVersion = 16.0.30804.86
MinimumVisualStudioVersion = 10.0.40219.1
Project("{FAE04EC0-301F-11D3-BF4B-00C04F79EFBC}") = "RandomAddressGeneratorWithGoogleMaps", "RandomAddressGeneratorWithGoogleMaps\RandomAddressGeneratorWithGoogleMaps.csproj", "{45C3CE29-936A-4E1F-BA43-78EFC1CCFD16}"
EndProject
Global
	GlobalSection(SolutionConfigurationPlatforms) = preSolution
		Debug|Any CPU = Debug|Any CPU
		Release|Any CPU = Release|Any CPU
	EndGlobalSection
	GlobalSection(ProjectConfigurationPlatforms) = postSolution
		{45C3CE29-936A-4E1F-BA43-78EFC1CCFD16}.Debug|Any CPU.ActiveCfg = Debug|Any CPU
		{45C3CE29-936A-4E1F-BA43-78EFC1CCFD16}.Debug|Any CPU.Build.0 = Debug|Any CPU
		{45C3CE29-936A-4E1F-BA43-78EFC1CCFD16}.Release|Any CPU.ActiveCfg = Release|Any CPU
		{45C3CE29-936A-4E1F-BA43-78EFC1CCFD16}.Release|Any CPU.Build.0 = Release|Any CPU
	EndGlobalSection
	GlobalSection(SolutionProperties) = preSolution
		HideSolutionNode = FALSE
	EndGlobalSection
	GlobalSection(ExtensibilityGlobals) = postSolution
		SolutionGuid = {4EAFB0F1-8777-4474-8785-AC460FC91992}
	EndGlobalSection
EndGlobal
